
Microsoft Visual Studio Solution File, Format Version 12.00
# Visual Studio 15
VisualStudioVersion = 15.0.27703.2000
MinimumVisualStudioVersion = 10.0.40219.1
Project("{FAE04EC0-301F-11D3-BF4B-00C04F79EFBC}") = "CSSForms.Android", "CSSForms\CSSForms.Android\CSSForms.Android.csproj", "{285BDDE8-7467-416C-A642-CA4A507F48CD}"
EndProject
Project("{FAE04EC0-301F-11D3-BF4B-00C04F79EFBC}") = "CSSForms.iOS", "CSSForms\CSSForms.iOS\CSSForms.iOS.csproj", "{5EB294E6-8C41-4DF5-9BA3-BF9DFACC99B7}"
EndProject
Project("{FAE04EC0-301F-11D3-BF4B-00C04F79EFBC}") = "CSSForms", "CSSForms\CSSForms\CSSForms.csproj", "{A9BB72FE-D2E6-4A83-A945-0A329D350782}"
EndProject
Global
	GlobalSection(SolutionConfigurationPlatforms) = preSolution
		Ad-Hoc|Any CPU = Ad-Hoc|Any CPU
		Ad-Hoc|iPhone = Ad-Hoc|iPhone
		Ad-Hoc|iPhoneSimulator = Ad-Hoc|iPhoneSimulator
		AppStore|Any CPU = AppStore|Any CPU
		AppStore|iPhone = AppStore|iPhone
		AppStore|iPhoneSimulator = AppStore|iPhoneSimulator
		Debug|Any CPU = Debug|Any CPU
		Debug|iPhone = Debug|iPhone
		Debug|iPhoneSimulator = Debug|iPhoneSimulator
		Release|Any CPU = Release|Any CPU
		Release|iPhone = Release|iPhone
		Release|iPhoneSimulator = Release|iPhoneSimulator
	EndGlobalSection
	GlobalSection(ProjectConfigurationPlatforms) = postSolution
		{285BDDE8-7467-416C-A642-CA4A507F48CD}.Ad-Hoc|Any CPU.ActiveCfg = Release|Any CPU
		{285BDDE8-7467-416C-A642-CA4A507F48CD}.Ad-Hoc|Any CPU.Build.0 = Release|Any CPU
		{285BDDE8-7467-416C-A642-CA4A507F48CD}.Ad-Hoc|Any CPU.Deploy.0 = Release|Any CPU
		{285BDDE8-7467-416C-A642-CA4A507F48CD}.Ad-Hoc|iPhone.ActiveCfg = Release|Any CPU
		{285BDDE8-7467-416C-A642-CA4A507F48CD}.Ad-Hoc|iPhone.Build.0 = Release|Any CPU
		{285BDDE8-7467-416C-A642-CA4A507F48CD}.Ad-Hoc|iPhone.Deploy.0 = Release|Any CPU
		{285BDDE8-7467-416C-A642-CA4A507F48CD}.Ad-Hoc|iPhoneSimulator.ActiveCfg = Release|Any CPU
		{285BDDE8-7467-416C-A642-CA4A507F48CD}.Ad-Hoc|iPhoneSimulator.Build.0 = Release|Any CPU
		{285BDDE8-7467-416C-A642-CA4A507F48CD}.Ad-Hoc|iPhoneSimulator.Deploy.0 = Release|Any CPU
		{285BDDE8-7467-416C-A642-CA4A507F48CD}.AppStore|Any CPU.ActiveCfg = Release|Any CPU
		{285BDDE8-7467-416C-A642-CA4A507F48CD}.AppStore|Any CPU.Build.0 = Release|Any CPU
		{285BDDE8-7467-416C-A642-CA4A507F48CD}.AppStore|Any CPU.Deploy.0 = Release|Any CPU
		{285BDDE8-7467-416C-A642-CA4A507F48CD}.AppStore|iPhone.ActiveCfg = Release|Any CPU
		{285BDDE8-7467-416C-A642-CA4A507F48CD}.AppStore|iPhone.Build.0 = Release|Any CPU
		{285BDDE8-7467-416C-A642-CA4A507F48CD}.AppStore|iPhone.Deploy.0 = Release|Any CPU
		{285BDDE8-7467-416C-A642-CA4A507F48CD}.AppStore|iPhoneSimulator.ActiveCfg = Release|Any CPU
		{285BDDE8-7467-416C-A642-CA4A507F48CD}.AppStore|iPhoneSimulator.Build.0 = Release|Any CPU
		{285BDDE8-7467-416C-A642-CA4A507F48CD}.AppStore|iPhoneSimulator.Deploy.0 = Release|Any CPU
		{285BDDE8-7467-416C-A642-CA4A507F48CD}.Debug|Any CPU.ActiveCfg = Debug|Any CPU
		{285BDDE8-7467-416C-A642-CA4A507F48CD}.Debug|Any CPU.Build.0 = Debug|Any CPU
		{285BDDE8-7467-416C-A642-CA4A507F48CD}.Debug|Any CPU.Deploy.0 = Debug|Any CPU
		{285BDDE8-7467-416C-A642-CA4A507F48CD}.Debug|iPhone.ActiveCfg = Debug|Any CPU
		{285BDDE8-7467-416C-A642-CA4A507F48CD}.Debug|iPhone.Build.0 = Debug|Any CPU
		{285BDDE8-7467-416C-A642-CA4A507F48CD}.Debug|iPhone.Deploy.0 = Debug|Any CPU
		{285BDDE8-7467-416C-A642-CA4A507F48CD}.Debug|iPhoneSimulator.ActiveCfg = Debug|Any CPU
		{285BDDE8-7467-416C-A642-CA4A507F48CD}.Debug|iPhoneSimulator.Build.0 = Debug|Any CPU
		{285BDDE8-7467-416C-A642-CA4A507F48CD}.Debug|iPhoneSimulator.Deploy.0 = Debug|Any CPU
		{285BDDE8-7467-416C-A642-CA4A507F48CD}.Release|Any CPU.ActiveCfg = Release|Any CPU
		{285BDDE8-7467-416C-A642-CA4A507F48CD}.Release|Any CPU.Build.0 = Release|Any CPU
		{285BDDE8-7467-416C-A642-CA4A507F48CD}.Release|Any CPU.Deploy.0 = Release|Any CPU
		{285BDDE8-7467-416C-A642-CA4A507F48CD}.Release|iPhone.ActiveCfg = Release|Any CPU
		{285BDDE8-7467-416C-A642-CA4A507F48CD}.Release|iPhone.Build.0 = Release|Any CPU
		{285BDDE8-7467-416C-A642-CA4A507F48CD}.Release|iPhone.Deploy.0 = Release|Any CPU
		{285BDDE8-7467-416C-A642-CA4A507F48CD}.Release|iPhoneSimulator.ActiveCfg = Release|Any CPU
		{285BDDE8-7467-416C-A642-CA4A507F48CD}.Release|iPhoneSimulator.Build.0 = Release|Any CPU
		{285BDDE8-7467-416C-A642-CA4A507F48CD}.Release|iPhoneSimulator.Deploy.0 = Release|Any CPU
		{5EB294E6-8C41-4DF5-9BA3-BF9DFACC99B7}.Ad-Hoc|Any CPU.ActiveCfg = Ad-Hoc|iPhone
		{5EB294E6-8C41-4DF5-9BA3-BF9DFACC99B7}.Ad-Hoc|Any CPU.Build.0 = Ad-Hoc|iPhone
		{5EB294E6-8C41-4DF5-9BA3-BF9DFACC99B7}.Ad-Hoc|Any CPU.Deploy.0 = Ad-Hoc|iPhone
		{5EB294E6-8C41-4DF5-9BA3-BF9DFACC99B7}.Ad-Hoc|iPhone.ActiveCfg = Ad-Hoc|iPhone
		{5EB294E6-8C41-4DF5-9BA3-BF9DFACC99B7}.Ad-Hoc|iPhone.Build.0 = Ad-Hoc|iPhone
		{5EB294E6-8C41-4DF5-9BA3-BF9DFACC99B7}.Ad-Hoc|iPhone.Deploy.0 = Ad-Hoc|iPhone
		{5EB294E6-8C41-4DF5-9BA3-BF9DFACC99B7}.Ad-Hoc|iPhoneSimulator.ActiveCfg = Ad-Hoc|iPhoneSimulator
		{5EB294E6-8C41-4DF5-9BA3-BF9DFACC99B7}.Ad-Hoc|iPhoneSimulator.Build.0 = Ad-Hoc|iPhoneSimulator
		{5EB294E6-8C41-4DF5-9BA3-BF9DFACC99B7}.Ad-Hoc|iPhoneSimulator.Deploy.0 = Ad-Hoc|iPhoneSimulator
		{5EB294E6-8C41-4DF5-9BA3-BF9DFACC99B7}.AppStore|Any CPU.ActiveCfg = AppStore|iPhone
		{5EB294E6-8C41-4DF5-9BA3-BF9DFACC99B7}.AppStore|Any CPU.Build.0 = AppStore|iPhone
		{5EB294E6-8C41-4DF5-9BA3-BF9DFACC99B7}.AppStore|Any CPU.Deploy.0 = AppStore|iPhone
		{5EB294E6-8C41-4DF5-9BA3-BF9DFACC99B7}.AppStore|iPhone.ActiveCfg = AppStore|iPhone
		{5EB294E6-8C41-4DF5-9BA3-BF9DFACC99B7}.AppStore|iPhone.Build.0 = AppStore|iPhone
		{5EB294E6-8C41-4DF5-9BA3-BF9DFACC99B7}.AppStore|iPhone.Deploy.0 = AppStore|iPhone
		{5EB294E6-8C41-4DF5-9BA3-BF9DFACC99B7}.AppStore|iPhoneSimulator.ActiveCfg = AppStore|iPhoneSimulator
		{5EB294E6-8C41-4DF5-9BA3-BF9DFACC99B7}.AppStore|iPhoneSimulator.Build.0 = AppStore|iPhoneSimulator
		{5EB294E6-8C41-4DF5-9BA3-BF9DFACC99B7}.AppStore|iPhoneSimulator.Deploy.0 = AppStore|iPhoneSimulator
		{5EB294E6-8C41-4DF5-9BA3-BF9DFACC99B7}.Debug|Any CPU.ActiveCfg = Debug|iPhoneSimulator
		{5EB294E6-8C41-4DF5-9BA3-BF9DFACC99B7}.Debug|Any CPU.Build.0 = Debug|iPhoneSimulator
		{5EB294E6-8C41-4DF5-9BA3-BF9DFACC99B7}.Debug|Any CPU.Deploy.0 = Debug|iPhoneSimulator
		{5EB294E6-8C41-4DF5-9BA3-BF9DFACC99B7}.Debug|iPhone.ActiveCfg = Debug|iPhone
		{5EB294E6-8C41-4DF5-9BA3-BF9DFACC99B7}.Debug|iPhone.Build.0 = Debug|iPhone
		{5EB294E6-8C41-4DF5-9BA3-BF9DFACC99B7}.Debug|iPhone.Deploy.0 = Debug|iPhone
		{5EB294E6-8C41-4DF5-9BA3-BF9DFACC99B7}.Debug|iPhoneSimulator.ActiveCfg = Debug|iPhoneSimulator
		{5EB294E6-8C41-4DF5-9BA3-BF9DFACC99B7}.Debug|iPhoneSimulator.Build.0 = Debug|iPhoneSimulator
		{5EB294E6-8C41-4DF5-9BA3-BF9DFACC99B7}.Debug|iPhoneSimulator.Deploy.0 = Debug|iPhoneSimulator
		{5EB294E6-8C41-4DF5-9BA3-BF9DFACC99B7}.Release|Any CPU.ActiveCfg = Release|iPhone
		{5EB294E6-8C41-4DF5-9BA3-BF9DFACC99B7}.Release|Any CPU.Build.0 = Release|iPhone
		{5EB294E6-8C41-4DF5-9BA3-BF9DFACC99B7}.Release|Any CPU.Deploy.0 = Release|iPhone
		{5EB294E6-8C41-4DF5-9BA3-BF9DFACC99B7}.Release|iPhone.ActiveCfg = Release|iPhone
		{5EB294E6-8C41-4DF5-9BA3-BF9DFACC99B7}.Release|iPhone.Build.0 = Release|iPhone
		{5EB294E6-8C41-4DF5-9BA3-BF9DFACC99B7}.Release|iPhone.Deploy.0 = Release|iPhone
		{5EB294E6-8C41-4DF5-9BA3-BF9DFACC99B7}.Release|iPhoneSimulator.ActiveCfg = Release|iPhoneSimulator
		{5EB294E6-8C41-4DF5-9BA3-BF9DFACC99B7}.Release|iPhoneSimulator.Build.0 = Release|iPhoneSimulator
		{5EB294E6-8C41-4DF5-9BA3-BF9DFACC99B7}.Release|iPhoneSimulator.Deploy.0 = Release|iPhoneSimulator
		{A9BB72FE-D2E6-4A83-A945-0A329D350782}.Ad-Hoc|Any CPU.ActiveCfg = Debug|Any CPU
		{A9BB72FE-D2E6-4A83-A945-0A329D350782}.Ad-Hoc|Any CPU.Build.0 = Debug|Any CPU
		{A9BB72FE-D2E6-4A83-A945-0A329D350782}.Ad-Hoc|Any CPU.Deploy.0 = Debug|Any CPU
		{A9BB72FE-D2E6-4A83-A945-0A329D350782}.Ad-Hoc|iPhone.ActiveCfg = Debug|Any CPU
		{A9BB72FE-D2E6-4A83-A945-0A329D350782}.Ad-Hoc|iPhone.Build.0 = Debug|Any CPU
		{A9BB72FE-D2E6-4A83-A945-0A329D350782}.Ad-Hoc|iPhone.Deploy.0 = Debug|Any CPU
		{A9BB72FE-D2E6-4A83-A945-0A329D350782}.Ad-Hoc|iPhoneSimulator.ActiveCfg = Debug|Any CPU
		{A9BB72FE-D2E6-4A83-A945-0A329D350782}.Ad-Hoc|iPhoneSimulator.Build.0 = Debug|Any CPU
		{A9BB72FE-D2E6-4A83-A945-0A329D350782}.Ad-Hoc|iPhoneSimulator.Deploy.0 = Debug|Any CPU
		{A9BB72FE-D2E6-4A83-A945-0A329D350782}.AppStore|Any CPU.ActiveCfg = Debug|Any CPU
		{A9BB72FE-D2E6-4A83-A945-0A329D350782}.AppStore|Any CPU.Build.0 = Debug|Any CPU
		{A9BB72FE-D2E6-4A83-A945-0A329D350782}.AppStore|Any CPU.Deploy.0 = Debug|Any CPU
		{A9BB72FE-D2E6-4A83-A945-0A329D350782}.AppStore|iPhone.ActiveCfg = Debug|Any CPU
		{A9BB72FE-D2E6-4A83-A945-0A329D350782}.AppStore|iPhone.Build.0 = Debug|Any CPU
		{A9BB72FE-D2E6-4A83-A945-0A329D350782}.AppStore|iPhone.Deploy.0 = Debug|Any CPU
		{A9BB72FE-D2E6-4A83-A945-0A329D350782}.AppStore|iPhoneSimulator.ActiveCfg = Debug|Any CPU
		{A9BB72FE-D2E6-4A83-A945-0A329D350782}.AppStore|iPhoneSimulator.Build.0 = Debug|Any CPU
		{A9BB72FE-D2E6-4A83-A945-0A329D350782}.AppStore|iPhoneSimulator.Deploy.0 = Debug|Any CPU
		{A9BB72FE-D2E6-4A83-A945-0A329D350782}.Debug|Any CPU.ActiveCfg = Debug|Any CPU
		{A9BB72FE-D2E6-4A83-A945-0A329D350782}.Debug|Any CPU.Build.0 = Debug|Any CPU
		{A9BB72FE-D2E6-4A83-A945-0A329D350782}.Debug|Any CPU.Deploy.0 = Debug|Any CPU
		{A9BB72FE-D2E6-4A83-A945-0A329D350782}.Debug|iPhone.ActiveCfg = Debug|Any CPU
		{A9BB72FE-D2E6-4A83-A945-0A329D350782}.Debug|iPhone.Build.0 = Debug|Any CPU
		{A9BB72FE-D2E6-4A83-A945-0A329D350782}.Debug|iPhone.Deploy.0 = Debug|Any CPU
		{A9BB72FE-D2E6-4A83-A945-0A329D350782}.Debug|iPhoneSimulator.ActiveCfg = Debug|Any CPU
		{A9BB72FE-D2E6-4A83-A945-0A329D350782}.Debug|iPhoneSimulator.Build.0 = Debug|Any CPU
		{A9BB72FE-D2E6-4A83-A945-0A329D350782}.Debug|iPhoneSimulator.Deploy.0 = Debug|Any CPU
		{A9BB72FE-D2E6-4A83-A945-0A329D350782}.Release|Any CPU.ActiveCfg = Release|Any CPU
		{A9BB72FE-D2E6-4A83-A945-0A329D350782}.Release|Any CPU.Build.0 = Release|Any CPU
		{A9BB72FE-D2E6-4A83-A945-0A329D350782}.Release|Any CPU.Deploy.0 = Release|Any CPU
		{A9BB72FE-D2E6-4A83-A945-0A329D350782}.Release|iPhone.ActiveCfg = Release|Any CPU
		{A9BB72FE-D2E6-4A83-A945-0A329D350782}.Release|iPhone.Build.0 = Release|Any CPU
		{A9BB72FE-D2E6-4A83-A945-0A329D350782}.Release|iPhone.Deploy.0 = Release|Any CPU
		{A9BB72FE-D2E6-4A83-A945-0A329D350782}.Release|iPhoneSimulator.ActiveCfg = Release|Any CPU
		{A9BB72FE-D2E6-4A83-A945-0A329D350782}.Release|iPhoneSimulator.Build.0 = Release|Any CPU
		{A9BB72FE-D2E6-4A83-A945-0A329D350782}.Release|iPhoneSimulator.Deploy.0 = Release|Any CPU
	EndGlobalSection
	GlobalSection(SolutionProperties) = preSolution
		HideSolutionNode = FALSE
	EndGlobalSection
	GlobalSection(ExtensibilityGlobals) = postSolution
		SolutionGuid = {B5088E8D-DD5B-46A8-9301-2A0D83CC8305}
	EndGlobalSection
EndGlobal
